{
  "requires": true,
  "lockfileVersion": 1,
  "dependencies": {
    "monaco-editor": {
      "version": "0.15.1",
      "resolved": "https://registry.npmjs.org/monaco-editor/-/monaco-editor-0.15.1.tgz",
      "integrity": "sha512-5nFQ8JbQZBSK70G7FhlQCkgOmzGdgCeUNhSG2/5lOFUfFizC21JNA0DOSnZjUs6Faod2uvVB0IDvvOP9nCoWFg=="
    }
  }
}
